
Microsoft Visual Studio Solution File, Format Version 12.00
# Visual Studio Version 17
VisualStudioVersion = 17.3.32901.215
MinimumVisualStudioVersion = 10.0.40219.1
Project("{FAE04EC0-301F-11D3-BF4B-00C04F79EFBC}") = "PrijsOfferteApp", "PrijsOfferteApp\PrijsOfferteApp.csproj", "{EBA66832-CC00-4268-A31E-A7384FAD1D59}"
EndProject
Global
	GlobalSection(SolutionConfigurationPlatforms) = preSolution
		Debug|Any CPU = Debug|Any CPU
		Release|Any CPU = Release|Any CPU
	EndGlobalSection
	GlobalSection(ProjectConfigurationPlatforms) = postSolution
		{EBA66832-CC00-4268-A31E-A7384FAD1D59}.Debug|Any CPU.ActiveCfg = Debug|Any CPU
		{EBA66832-CC00-4268-A31E-A7384FAD1D59}.Debug|Any CPU.Build.0 = Debug|Any CPU
		{EBA66832-CC00-4268-A31E-A7384FAD1D59}.Release|Any CPU.ActiveCfg = Release|Any CPU
		{EBA66832-CC00-4268-A31E-A7384FAD1D59}.Release|Any CPU.Build.0 = Release|Any CPU
	EndGlobalSection
	GlobalSection(SolutionProperties) = preSolution
		HideSolutionNode = FALSE
	EndGlobalSection
	GlobalSection(ExtensibilityGlobals) = postSolution
		SolutionGuid = {394D8AAE-29ED-431D-B97E-FB3AA9251389}
	EndGlobalSection
EndGlobal
